
Microsoft Visual Studio Solution File, Format Version 12.00
# Visual Studio Version 17
VisualStudioVersion = 17.3.32901.215
MinimumVisualStudioVersion = 10.0.40219.1
Project("{FAE04EC0-301F-11D3-BF4B-00C04F79EFBC}") = "ej01", "ej01\ej01.csproj", "{8E28A3D4-9F4B-4169-80D1-51131448754B}"
EndProject
Project("{FAE04EC0-301F-11D3-BF4B-00C04F79EFBC}") = "ej02", "ej02\ej02.csproj", "{8134D4F7-1885-4C49-BBBC-02166F8D6C20}"
EndProject
Project("{2150E333-8FDC-42A3-9474-1A3956D46DE8}") = "tp_finales", "tp_finales", "{DBCB06A9-2BB9-44E4-8AC4-947CE66403F2}"
EndProject
Project("{FAE04EC0-301F-11D3-BF4B-00C04F79EFBC}") = "ej4", "ej2\ej4.csproj", "{39733C46-E484-41B7-9E1A-8F679AC74B65}"
EndProject
Project("{FAE04EC0-301F-11D3-BF4B-00C04F79EFBC}") = "ej002", "ej002\ej002.csproj", "{713BC9DF-E1AB-4177-8FB3-1568E79CD1E4}"
EndProject
Project("{FAE04EC0-301F-11D3-BF4B-00C04F79EFBC}") = "ej001", "ej001\ej001.csproj", "{2B18D1B6-6505-42B9-9FB0-0251705EE9AD}"
EndProject
Project("{FAE04EC0-301F-11D3-BF4B-00C04F79EFBC}") = "ej003", "ej003\ej003.csproj", "{7864A379-F003-44DD-AAF8-AB87C78F82AA}"
EndProject
Project("{FAE04EC0-301F-11D3-BF4B-00C04F79EFBC}") = "ej006", "ej006\ej006.csproj", "{E634963C-712A-4DB7-A91C-8D8DA4FC1021}"
EndProject
Project("{FAE04EC0-301F-11D3-BF4B-00C04F79EFBC}") = "ej007", "ej007\ej007.csproj", "{5A6E4CF0-EB63-4E8A-88C9-3B7760D4A77B}"
EndProject
Project("{FAE04EC0-301F-11D3-BF4B-00C04F79EFBC}") = "ej008", "ej008\ej008.csproj", "{DA0442F2-7F07-422C-AF22-BDBF856D4615}"
EndProject
Project("{FAE04EC0-301F-11D3-BF4B-00C04F79EFBC}") = "WindowsFormsApp1", "WindowsFormsApp1\WindowsFormsApp1.csproj", "{7EF3C156-45CE-4F49-A5CD-C5D810F45C4C}"
EndProject
Project("{FAE04EC0-301F-11D3-BF4B-00C04F79EFBC}") = "WindowsFormsApp2", "WindowsFormsApp2\WindowsFormsApp2.csproj", "{F55BDB30-4E0C-4BE1-AAEC-A828658B8DFF}"
EndProject
Project("{FAE04EC0-301F-11D3-BF4B-00C04F79EFBC}") = "GAM", "GAM\GAM.csproj", "{ECF179A4-EBA3-4E30-83F6-C77A0739F152}"
EndProject
Global
	GlobalSection(SolutionConfigurationPlatforms) = preSolution
		Debug|Any CPU = Debug|Any CPU
		Release|Any CPU = Release|Any CPU
	EndGlobalSection
	GlobalSection(ProjectConfigurationPlatforms) = postSolution
		{8E28A3D4-9F4B-4169-80D1-51131448754B}.Debug|Any CPU.ActiveCfg = Debug|Any CPU
		{8E28A3D4-9F4B-4169-80D1-51131448754B}.Debug|Any CPU.Build.0 = Debug|Any CPU
		{8E28A3D4-9F4B-4169-80D1-51131448754B}.Release|Any CPU.ActiveCfg = Release|Any CPU
		{8E28A3D4-9F4B-4169-80D1-51131448754B}.Release|Any CPU.Build.0 = Release|Any CPU
		{8134D4F7-1885-4C49-BBBC-02166F8D6C20}.Debug|Any CPU.ActiveCfg = Debug|Any CPU
		{8134D4F7-1885-4C49-BBBC-02166F8D6C20}.Debug|Any CPU.Build.0 = Debug|Any CPU
		{8134D4F7-1885-4C49-BBBC-02166F8D6C20}.Release|Any CPU.ActiveCfg = Release|Any CPU
		{8134D4F7-1885-4C49-BBBC-02166F8D6C20}.Release|Any CPU.Build.0 = Release|Any CPU
		{39733C46-E484-41B7-9E1A-8F679AC74B65}.Debug|Any CPU.ActiveCfg = Debug|Any CPU
		{39733C46-E484-41B7-9E1A-8F679AC74B65}.Debug|Any CPU.Build.0 = Debug|Any CPU
		{39733C46-E484-41B7-9E1A-8F679AC74B65}.Release|Any CPU.ActiveCfg = Release|Any CPU
		{39733C46-E484-41B7-9E1A-8F679AC74B65}.Release|Any CPU.Build.0 = Release|Any CPU
		{713BC9DF-E1AB-4177-8FB3-1568E79CD1E4}.Debug|Any CPU.ActiveCfg = Debug|Any CPU
		{713BC9DF-E1AB-4177-8FB3-1568E79CD1E4}.Debug|Any CPU.Build.0 = Debug|Any CPU
		{713BC9DF-E1AB-4177-8FB3-1568E79CD1E4}.Release|Any CPU.ActiveCfg = Release|Any CPU
		{713BC9DF-E1AB-4177-8FB3-1568E79CD1E4}.Release|Any CPU.Build.0 = Release|Any CPU
		{2B18D1B6-6505-42B9-9FB0-0251705EE9AD}.Debug|Any CPU.ActiveCfg = Debug|Any CPU
		{2B18D1B6-6505-42B9-9FB0-0251705EE9AD}.Debug|Any CPU.Build.0 = Debug|Any CPU
		{2B18D1B6-6505-42B9-9FB0-0251705EE9AD}.Release|Any CPU.ActiveCfg = Release|Any CPU
		{2B18D1B6-6505-42B9-9FB0-0251705EE9AD}.Release|Any CPU.Build.0 = Release|Any CPU
		{7864A379-F003-44DD-AAF8-AB87C78F82AA}.Debug|Any CPU.ActiveCfg = Debug|Any CPU
		{7864A379-F003-44DD-AAF8-AB87C78F82AA}.Debug|Any CPU.Build.0 = Debug|Any CPU
		{7864A379-F003-44DD-AAF8-AB87C78F82AA}.Release|Any CPU.ActiveCfg = Release|Any CPU
		{7864A379-F003-44DD-AAF8-AB87C78F82AA}.Release|Any CPU.Build.0 = Release|Any CPU
		{E634963C-712A-4DB7-A91C-8D8DA4FC1021}.Debug|Any CPU.ActiveCfg = Debug|Any CPU
		{E634963C-712A-4DB7-A91C-8D8DA4FC1021}.Debug|Any CPU.Build.0 = Debug|Any CPU
		{E634963C-712A-4DB7-A91C-8D8DA4FC1021}.Release|Any CPU.ActiveCfg = Release|Any CPU
		{E634963C-712A-4DB7-A91C-8D8DA4FC1021}.Release|Any CPU.Build.0 = Release|Any CPU
		{5A6E4CF0-EB63-4E8A-88C9-3B7760D4A77B}.Debug|Any CPU.ActiveCfg = Debug|Any CPU
		{5A6E4CF0-EB63-4E8A-88C9-3B7760D4A77B}.Debug|Any CPU.Build.0 = Debug|Any CPU
		{5A6E4CF0-EB63-4E8A-88C9-3B7760D4A77B}.Release|Any CPU.ActiveCfg = Release|Any CPU
		{5A6E4CF0-EB63-4E8A-88C9-3B7760D4A77B}.Release|Any CPU.Build.0 = Release|Any CPU
		{DA0442F2-7F07-422C-AF22-BDBF856D4615}.Debug|Any CPU.ActiveCfg = Debug|Any CPU
		{DA0442F2-7F07-422C-AF22-BDBF856D4615}.Debug|Any CPU.Build.0 = Debug|Any CPU
		{DA0442F2-7F07-422C-AF22-BDBF856D4615}.Release|Any CPU.ActiveCfg = Release|Any CPU
		{DA0442F2-7F07-422C-AF22-BDBF856D4615}.Release|Any CPU.Build.0 = Release|Any CPU
		{7EF3C156-45CE-4F49-A5CD-C5D810F45C4C}.Debug|Any CPU.ActiveCfg = Debug|Any CPU
		{7EF3C156-45CE-4F49-A5CD-C5D810F45C4C}.Debug|Any CPU.Build.0 = Debug|Any CPU
		{7EF3C156-45CE-4F49-A5CD-C5D810F45C4C}.Release|Any CPU.ActiveCfg = Release|Any CPU
		{7EF3C156-45CE-4F49-A5CD-C5D810F45C4C}.Release|Any CPU.Build.0 = Release|Any CPU
		{F55BDB30-4E0C-4BE1-AAEC-A828658B8DFF}.Debug|Any CPU.ActiveCfg = Debug|Any CPU
		{F55BDB30-4E0C-4BE1-AAEC-A828658B8DFF}.Debug|Any CPU.Build.0 = Debug|Any CPU
		{F55BDB30-4E0C-4BE1-AAEC-A828658B8DFF}.Release|Any CPU.ActiveCfg = Release|Any CPU
		{F55BDB30-4E0C-4BE1-AAEC-A828658B8DFF}.Release|Any CPU.Build.0 = Release|Any CPU
		{ECF179A4-EBA3-4E30-83F6-C77A0739F152}.Debug|Any CPU.ActiveCfg = Debug|Any CPU
		{ECF179A4-EBA3-4E30-83F6-C77A0739F152}.Debug|Any CPU.Build.0 = Debug|Any CPU
		{ECF179A4-EBA3-4E30-83F6-C77A0739F152}.Release|Any CPU.ActiveCfg = Release|Any CPU
		{ECF179A4-EBA3-4E30-83F6-C77A0739F152}.Release|Any CPU.Build.0 = Release|Any CPU
	EndGlobalSection
	GlobalSection(SolutionProperties) = preSolution
		HideSolutionNode = FALSE
	EndGlobalSection
	GlobalSection(NestedProjects) = preSolution
		{39733C46-E484-41B7-9E1A-8F679AC74B65} = {DBCB06A9-2BB9-44E4-8AC4-947CE66403F2}
		{713BC9DF-E1AB-4177-8FB3-1568E79CD1E4} = {DBCB06A9-2BB9-44E4-8AC4-947CE66403F2}
		{2B18D1B6-6505-42B9-9FB0-0251705EE9AD} = {DBCB06A9-2BB9-44E4-8AC4-947CE66403F2}
		{7864A379-F003-44DD-AAF8-AB87C78F82AA} = {DBCB06A9-2BB9-44E4-8AC4-947CE66403F2}
		{E634963C-712A-4DB7-A91C-8D8DA4FC1021} = {DBCB06A9-2BB9-44E4-8AC4-947CE66403F2}
		{5A6E4CF0-EB63-4E8A-88C9-3B7760D4A77B} = {DBCB06A9-2BB9-44E4-8AC4-947CE66403F2}
		{DA0442F2-7F07-422C-AF22-BDBF856D4615} = {DBCB06A9-2BB9-44E4-8AC4-947CE66403F2}
	EndGlobalSection
	GlobalSection(ExtensibilityGlobals) = postSolution
		SolutionGuid = {A7EA8BCC-6BCD-4109-9C4D-BFBA698A62AE}
	EndGlobalSection
EndGlobal
